
Microsoft Visual Studio Solution File, Format Version 12.00
# Visual Studio Version 16
VisualStudioVersion = 16.0.30907.101
MinimumVisualStudioVersion = 10.0.40219.1
Project("{FAE04EC0-301F-11D3-BF4B-00C04F79EFBC}") = "StudentAttendance.API", "StudentAttendance.API\StudentAttendance.API.csproj", "{1176B14F-3F25-47BC-803F-5D662FDCD0E5}"
EndProject
Global
	GlobalSection(SolutionConfigurationPlatforms) = preSolution
		Debug|Any CPU = Debug|Any CPU
		Release|Any CPU = Release|Any CPU
	EndGlobalSection
	GlobalSection(ProjectConfigurationPlatforms) = postSolution
		{1176B14F-3F25-47BC-803F-5D662FDCD0E5}.Debug|Any CPU.ActiveCfg = Debug|Any CPU
		{1176B14F-3F25-47BC-803F-5D662FDCD0E5}.Debug|Any CPU.Build.0 = Debug|Any CPU
		{1176B14F-3F25-47BC-803F-5D662FDCD0E5}.Release|Any CPU.ActiveCfg = Release|Any CPU
		{1176B14F-3F25-47BC-803F-5D662FDCD0E5}.Release|Any CPU.Build.0 = Release|Any CPU
	EndGlobalSection
	GlobalSection(SolutionProperties) = preSolution
		HideSolutionNode = FALSE
	EndGlobalSection
	GlobalSection(ExtensibilityGlobals) = postSolution
		SolutionGuid = {C7543685-245E-424F-AEB5-B2857975F272}
	EndGlobalSection
EndGlobal
